
Microsoft Visual Studio Solution File, Format Version 12.00
# Visual Studio Version 17
VisualStudioVersion = 17.7.34024.191
MinimumVisualStudioVersion = 10.0.40219.1
Project("{FAE04EC0-301F-11D3-BF4B-00C04F79EFBC}") = "Hobbies_DB", "Hobbies_DB.csproj", "{1C8A084D-DE8E-4554-8B47-D4D321884329}"
EndProject
Global
	GlobalSection(SolutionConfigurationPlatforms) = preSolution
		Debug|Any CPU = Debug|Any CPU
		Release|Any CPU = Release|Any CPU
	EndGlobalSection
	GlobalSection(ProjectConfigurationPlatforms) = postSolution
		{1C8A084D-DE8E-4554-8B47-D4D321884329}.Debug|Any CPU.ActiveCfg = Debug|Any CPU
		{1C8A084D-DE8E-4554-8B47-D4D321884329}.Debug|Any CPU.Build.0 = Debug|Any CPU
		{1C8A084D-DE8E-4554-8B47-D4D321884329}.Release|Any CPU.ActiveCfg = Release|Any CPU
		{1C8A084D-DE8E-4554-8B47-D4D321884329}.Release|Any CPU.Build.0 = Release|Any CPU
	EndGlobalSection
	GlobalSection(SolutionProperties) = preSolution
		HideSolutionNode = FALSE
	EndGlobalSection
	GlobalSection(ExtensibilityGlobals) = postSolution
		SolutionGuid = {649D90B5-05FE-48BA-9445-C4562F48EA5A}
	EndGlobalSection
EndGlobal
